// !$*UTF8*$!
{
	archiveVersion = 1;
	classes = {
	};
	objectVersion = 55;
	objects = {

/* Begin PBXBuildFile section */
		474DB3B427F1F7E500EF60C6 /* UI_522App.swift in Sources */ = {isa = PBXBuildFile; fileRef = 474DB3B327F1F7E500EF60C6 /* UI_522App.swift */; };
		474DB3B627F1F7E500EF60C6 /* ContentView.swift in Sources */ = {isa = PBXBuildFile; fileRef = 474DB3B527F1F7E500EF60C6 /* ContentView.swift */; };
		474DB3B827F1F7E600EF60C6 /* Assets.xcassets in Resources */ = {isa = PBXBuildFile; fileRef = 474DB3B727F1F7E600EF60C6 /* Assets.xcassets */; };
		474DB3BB27F1F7E600EF60C6 /* Preview Assets.xcassets in Resources */ = {isa = PBXBuildFile; fileRef = 474DB3BA27F1F7E600EF60C6 /* Preview Assets.xcassets */; };
		474DB3C527F1F7E600EF60C6 /* UI_522Tests.swift in Sources */ = {isa = PBXBuildFile; fileRef = 474DB3C427F1F7E600EF60C6 /* UI_522Tests.swift */; };
		474DB3CF27F1F7E700EF60C6 /* UI_522UITests.swift in Sources */ = {isa = PBXBuildFile; fileRef = 474DB3CE27F1F7E700EF60C6 /* UI_522UITests.swift */; };
		474DB3D127F1F7E700EF60C6 /* UI_522UITestsLaunchTests.swift in Sources */ = {isa = PBXBuildFile; fileRef = 474DB3D027F1F7E700EF60C6 /* UI_522UITestsLaunchTests.swift */; };
		474DB3E027F1F80700EF60C6 /* Home.swift in Sources */ = {isa = PBXBuildFile; fileRef = 474DB3DF27F1F80700EF60C6 /* Home.swift */; };
		474DB3E227F1F80D00EF60C6 /* Character.swift in Sources */ = {isa = PBXBuildFile; fileRef = 474DB3E127F1F80D00EF60C6 /* Character.swift */; };
/* End PBXBuildFile section */

/* Begin PBXContainerItemProxy section */
		474DB3C127F1F7E600EF60C6 /* PBXContainerItemProxy */ = {
			isa = PBXContainerItemProxy;
			containerPortal = 474DB3A827F1F7E500EF60C6 /* Project object */;
			proxyType = 1;
			remoteGlobalIDString = 474DB3AF27F1F7E500EF60C6;
			remoteInfo = "UI-522";
		};
		474DB3CB27F1F7E700EF60C6 /* PBXContainerItemProxy */ = {
			isa = PBXContainerItemProxy;
			containerPortal = 474DB3A827F1F7E500EF60C6 /* Project object */;
			proxyType = 1;
			remoteGlobalIDString = 474DB3AF27F1F7E500EF60C6;
			remoteInfo = "UI-522";
		};
/* End PBXContainerItemProxy section */

/* Begin PBXFileReference section */
		474DB3B027F1F7E500EF60C6 /* UI-522.app */ = {isa = PBXFileReference; explicitFileType = wrapper.application; includeInIndex = 0; path = "UI-522.app"; sourceTree = BUILT_PRODUCTS_DIR; };
		474DB3B327F1F7E500EF60C6 /* UI_522App.swift */ = {isa = PBXFileReference; lastKnownFileType = sourcecode.swift; path = UI_522App.swift; sourceTree = "<group>"; };
		474DB3B527F1F7E500EF60C6 /* ContentView.swift */ = {isa = PBXFileReference; lastKnownFileType = sourcecode.swift; path = ContentView.swift; sourceTree = "<group>"; };
		474DB3B727F1F7E600EF60C6 /* Assets.xcassets */ = {isa = PBXFileReference; lastKnownFileType = folder.assetcatalog; path = Assets.xcassets; sourceTree = "<group>"; };
		474DB3BA27F1F7E600EF60C6 /* Preview Assets.xcassets */ = {isa = PBXFileReference; lastKnownFileType = folder.assetcatalog; path = "Preview Assets.xcassets"; sourceTree = "<group>"; };
		474DB3C027F1F7E600EF60C6 /* UI-522Tests.xctest */ = {isa = PBXFileReference; explicitFileType = wrapper.cfbundle; includeInIndex = 0; path = "UI-522Tests.xctest"; sourceTree = BUILT_PRODUCTS_DIR; };
		474DB3C427F1F7E600EF60C6 /* UI_522Tests.swift */ = {isa = PBXFileReference; lastKnownFileType = sourcecode.swift; path = UI_522Tests.swift; sourceTree = "<group>"; };
		474DB3CA27F1F7E700EF60C6 /* UI-522UITests.xctest */ = {isa = PBXFileReference; explicitFileType = wrapper.cfbundle; includeInIndex = 0; path = "UI-522UITests.xctest"; sourceTree = BUILT_PRODUCTS_DIR; };
		474DB3CE27F1F7E700EF60C6 /* UI_522UITests.swift */ = {isa = PBXFileReference; lastKnownFileType = sourcecode.swift; path = UI_522UITests.swift; sourceTree = "<group>"; };
		474DB3D027F1F7E700EF60C6 /* UI_522UITestsLaunchTests.swift */ = {isa = PBXFileReference; lastKnownFileType = sourcecode.swift; path = UI_522UITestsLaunchTests.swift; sourceTree = "<group>"; };
		474DB3DF27F1F80700EF60C6 /* Home.swift */ = {isa = PBXFileReference; lastKnownFileType = sourcecode.swift; path = Home.swift; sourceTree = "<group>"; };
		474DB3E127F1F80D00EF60C6 /* Character.swift */ = {isa = PBXFileReference; lastKnownFileType = sourcecode.swift; path = Character.swift; sourceTree = "<group>"; };
/* End PBXFileReference section */

/* Begin PBXFrameworksBuildPhase section */
		474DB3AD27F1F7E500EF60C6 /* Frameworks */ = {
			isa = PBXFrameworksBuildPhase;
			buildActionMask = 2147483647;
			files = (
			);
			runOnlyForDeploymentPostprocessing = 0;
		};
		474DB3BD27F1F7E600EF60C6 /* Frameworks */ = {
			isa = PBXFrameworksBuildPhase;
			buildActionMask = 2147483647;
			files = (
			);
			runOnlyForDeploymentPostprocessing = 0;
		};
		474DB3C727F1F7E700EF60C6 /* Frameworks */ = {
			isa = PBXFrameworksBuildPhase;
			buildActionMask = 2147483647;
			files = (
			);
			runOnlyForDeploymentPostprocessing = 0;
		};
/* End PBXFrameworksBuildPhase section */

/* Begin PBXGroup section */
		474DB3A727F1F7E500EF60C6 = {
			isa = PBXGroup;
			children = (
				474DB3B227F1F7E500EF60C6 /* UI-522 */,
				474DB3C327F1F7E600EF60C6 /* UI-522Tests */,
				474DB3CD27F1F7E700EF60C6 /* UI-522UITests */,
				474DB3B127F1F7E500EF60C6 /* Products */,
			);
			sourceTree = "<group>";
		};
		474DB3B127F1F7E500EF60C6 /* Products */ = {
			isa = PBXGroup;
			children = (
				474DB3B027F1F7E500EF60C6 /* UI-522.app */,
				474DB3C027F1F7E600EF60C6 /* UI-522Tests.xctest */,
				474DB3CA27F1F7E700EF60C6 /* UI-522UITests.xctest */,
			);
			name = Products;
			sourceTree = "<group>";
		};
		474DB3B227F1F7E500EF60C6 /* UI-522 */ = {
			isa = PBXGroup;
			children = (
				474DB3DE27F1F80100EF60C6 /* Model */,
				474DB3DD27F1F7FD00EF60C6 /* View */,
				474DB3B327F1F7E500EF60C6 /* UI_522App.swift */,
				474DB3B527F1F7E500EF60C6 /* ContentView.swift */,
				474DB3B727F1F7E600EF60C6 /* Assets.xcassets */,
				474DB3B927F1F7E600EF60C6 /* Preview Content */,
			);
			path = "UI-522";
			sourceTree = "<group>";
		};
		474DB3B927F1F7E600EF60C6 /* Preview Content */ = {
			isa = PBXGroup;
			children = (
				474DB3BA27F1F7E600EF60C6 /* Preview Assets.xcassets */,
			);
			path = "Preview Content";
			sourceTree = "<group>";
		};
		474DB3C327F1F7E600EF60C6 /* UI-522Tests */ = {
			isa = PBXGroup;
			children = (
				474DB3C427F1F7E600EF60C6 /* UI_522Tests.swift */,
			);
			path = "UI-522Tests";
			sourceTree = "<group>";
		};
		474DB3CD27F1F7E700EF60C6 /* UI-522UITests */ = {
			isa = PBXGroup;
			children = (
				474DB3CE27F1F7E700EF60C6 /* UI_522UITests.swift */,
				474DB3D027F1F7E700EF60C6 /* UI_522UITestsLaunchTests.swift */,
			);
			path = "UI-522UITests";
			sourceTree = "<group>";
		};
		474DB3DD27F1F7FD00EF60C6 /* View */ = {
			isa = PBXGroup;
			children = (
				474DB3DF27F1F80700EF60C6 /* Home.swift */,
			);
			path = View;
			sourceTree = "<group>";
		};
		474DB3DE27F1F80100EF60C6 /* Model */ = {
			isa = PBXGroup;
			children = (
				474DB3E127F1F80D00EF60C6 /* Character.swift */,
			);
			path = Model;
			sourceTree = "<group>";
		};
/* End PBXGroup section */

/* Begin PBXNativeTarget section */
		474DB3AF27F1F7E500EF60C6 /* UI-522 */ = {
			isa = PBXNativeTarget;
			buildConfigurationList = 474DB3D427F1F7E700EF60C6 /* Build configuration list for PBXNativeTarget "UI-522" */;
			buildPhases = (
				474DB3AC27F1F7E500EF60C6 /* Sources */,
				474DB3AD27F1F7E500EF60C6 /* Frameworks */,
				474DB3AE27F1F7E500EF60C6 /* Resources */,
			);
			buildRules = (
			);
			dependencies = (
			);
			name = "UI-522";
			productName = "UI-522";
			productReference = 474DB3B027F1F7E500EF60C6 /* UI-522.app */;
			productType = "com.apple.product-type.application";
		};
		474DB3BF27F1F7E600EF60C6 /* UI-522Tests */ = {
			isa = PBXNativeTarget;
			buildConfigurationList = 474DB3D727F1F7E700EF60C6 /* Build configuration list for PBXNativeTarget "UI-522Tests" */;
			buildPhases = (
				474DB3BC27F1F7E600EF60C6 /* Sources */,
				474DB3BD27F1F7E600EF60C6 /* Frameworks */,
				474DB3BE27F1F7E600EF60C6 /* Resources */,
			);
			buildRules = (
			);
			dependencies = (
				474DB3C227F1F7E600EF60C6 /* PBXTargetDependency */,
			);
			name = "UI-522Tests";
			productName = "UI-522Tests";
			productReference = 474DB3C027F1F7E600EF60C6 /* UI-522Tests.xctest */;
			productType = "com.apple.product-type.bundle.unit-test";
		};
		474DB3C927F1F7E700EF60C6 /* UI-522UITests */ = {
			isa = PBXNativeTarget;
			buildConfigurationList = 474DB3DA27F1F7E700EF60C6 /* Build configuration list for PBXNativeTarget "UI-522UITests" */;
			buildPhases = (
				474DB3C627F1F7E700EF60C6 /* Sources */,
				474DB3C727F1F7E700EF60C6 /* Frameworks */,
				474DB3C827F1F7E700EF60C6 /* Resources */,
			);
			buildRules = (
			);
			dependencies = (
				474DB3CC27F1F7E700EF60C6 /* PBXTargetDependency */,
			);
			name = "UI-522UITests";
			productName = "UI-522UITests";
			productReference = 474DB3CA27F1F7E700EF60C6 /* UI-522UITests.xctest */;
			productType = "com.apple.product-type.bundle.ui-testing";
		};
/* End PBXNativeTarget section */

/* Begin PBXProject section */
		474DB3A827F1F7E500EF60C6 /* Project object */ = {
			isa = PBXProject;
			attributes = {
				BuildIndependentTargetsInParallel = 1;
				LastSwiftUpdateCheck = 1330;
				LastUpgradeCheck = 1330;
				TargetAttributes = {
					474DB3AF27F1F7E500EF60C6 = {
						CreatedOnToolsVersion = 13.3;
					};
					474DB3BF27F1F7E600EF60C6 = {
						CreatedOnToolsVersion = 13.3;
						TestTargetID = 474DB3AF27F1F7E500EF60C6;
					};
					474DB3C927F1F7E700EF60C6 = {
						CreatedOnToolsVersion = 13.3;
						TestTargetID = 474DB3AF27F1F7E500EF60C6;
					};
				};
			};
			buildConfigurationList = 474DB3AB27F1F7E500EF60C6 /* Build configuration list for PBXProject "UI-522" */;
			compatibilityVersion = "Xcode 13.0";
			developmentRegion = en;
			hasScannedForEncodings = 0;
			knownRegions = (
				en,
				Base,
			);
			mainGroup = 474DB3A727F1F7E500EF60C6;
			productRefGroup = 474DB3B127F1F7E500EF60C6 /* Products */;
			projectDirPath = "";
			projectRoot = "";
			targets = (
				474DB3AF27F1F7E500EF60C6 /* UI-522 */,
				474DB3BF27F1F7E600EF60C6 /* UI-522Tests */,
				474DB3C927F1F7E700EF60C6 /* UI-522UITests */,
			);
		};
/* End PBXProject section */

/* Begin PBXResourcesBuildPhase section */
		474DB3AE27F1F7E500EF60C6 /* Resources */ = {
			isa = PBXResourcesBuildPhase;
			buildActionMask = 2147483647;
			files = (
				474DB3BB27F1F7E600EF60C6 /* Preview Assets.xcassets in Resources */,
				474DB3B827F1F7E600EF60C6 /* Assets.xcassets in Resources */,
			);
			runOnlyForDeploymentPostprocessing = 0;
		};
		474DB3BE27F1F7E600EF60C6 /* Resources */ = {
			isa = PBXResourcesBuildPhase;
			buildActionMask = 2147483647;
			files = (
			);
			runOnlyForDeploymentPostprocessing = 0;
		};
		474DB3C827F1F7E700EF60C6 /* Resources */ = {
			isa = PBXResourcesBuildPhase;
			buildActionMask = 2147483647;
			files = (
			);
			runOnlyForDeploymentPostprocessing = 0;
		};
/* End PBXResourcesBuildPhase section */

/* Begin PBXSourcesBuildPhase section */
		474DB3AC27F1F7E500EF60C6 /* Sources */ = {
			isa = PBXSourcesBuildPhase;
			buildActionMask = 2147483647;
			files = (
				474DB3B627F1F7E500EF60C6 /* ContentView.swift in Sources */,
				474DB3E027F1F80700EF60C6 /* Home.swift in Sources */,
				474DB3B427F1F7E500EF60C6 /* UI_522App.swift in Sources */,
				474DB3E227F1F80D00EF60C6 /* Character.swift in Sources */,
			);
			runOnlyForDeploymentPostprocessing = 0;
		};
		474DB3BC27F1F7E600EF60C6 /* Sources */ = {
			isa = PBXSourcesBuildPhase;
			buildActionMask = 2147483647;
			files = (
				474DB3C527F1F7E600EF60C6 /* UI_522Tests.swift in Sources */,
			);
			runOnlyForDeploymentPostprocessing = 0;
		};
		474DB3C627F1F7E700EF60C6 /* Sources */ = {
			isa = PBXSourcesBuildPhase;
			buildActionMask = 2147483647;
			files = (
				474DB3D127F1F7E700EF60C6 /* UI_522UITestsLaunchTests.swift in Sources */,
				474DB3CF27F1F7E700EF60C6 /* UI_522UITests.swift in Sources */,
			);
			runOnlyForDeploymentPostprocessing = 0;
		};
/* End PBXSourcesBuildPhase section */

/* Begin PBXTargetDependency section */
		474DB3C227F1F7E600EF60C6 /* PBXTargetDependency */ = {
			isa = PBXTargetDependency;
			target = 474DB3AF27F1F7E500EF60C6 /* UI-522 */;
			targetProxy = 474DB3C127F1F7E600EF60C6 /* PBXContainerItemProxy */;
		};
		474DB3CC27F1F7E700EF60C6 /* PBXTargetDependency */ = {
			isa = PBXTargetDependency;
			target = 474DB3AF27F1F7E500EF60C6 /* UI-522 */;
			targetProxy = 474DB3CB27F1F7E700EF60C6 /* PBXContainerItemProxy */;
		};
/* End PBXTargetDependency section */

/* Begin XCBuildConfiguration section */
		474DB3D227F1F7E700EF60C6 /* Debug */ = {
			isa = XCBuildConfiguration;
			buildSettings = {
				ALWAYS_SEARCH_USER_PATHS = NO;
				CLANG_ANALYZER_NONNULL = YES;
				CLANG_ANALYZER_NUMBER_OBJECT_CONVERSION = YES_AGGRESSIVE;
				CLANG_CXX_LANGUAGE_STANDARD = "gnu++17";
				CLANG_ENABLE_MODULES = YES;
				CLANG_ENABLE_OBJC_ARC = YES;
				CLANG_ENABLE_OBJC_WEAK = YES;
				CLANG_WARN_BLOCK_CAPTURE_AUTORELEASING = YES;
				CLANG_WARN_BOOL_CONVERSION = YES;
				CLANG_WARN_COMMA = YES;
				CLANG_WARN_CONSTANT_CONVERSION = YES;
				CLANG_WARN_DEPRECATED_OBJC_IMPLEMENTATIONS = YES;
				CLANG_WARN_DIRECT_OBJC_ISA_USAGE = YES_ERROR;
				CLANG_WARN_DOCUMENTATION_COMMENTS = YES;
				CLANG_WARN_EMPTY_BODY = YES;
				CLANG_WARN_ENUM_CONVERSION = YES;
				CLANG_WARN_INFINITE_RECURSION = YES;
				CLANG_WARN_INT_CONVERSION = YES;
				CLANG_WARN_NON_LITERAL_NULL_CONVERSION = YES;
				CLANG_WARN_OBJC_IMPLICIT_RETAIN_SELF = YES;
				CLANG_WARN_OBJC_LITERAL_CONVERSION = YES;
				CLANG_WARN_OBJC_ROOT_CLASS = YES_ERROR;
				CLANG_WARN_QUOTED_INCLUDE_IN_FRAMEWORK_HEADER = YES;
				CLANG_WARN_RANGE_LOOP_ANALYSIS = YES;
				CLANG_WARN_STRICT_PROTOTYPES = YES;
				CLANG_WARN_SUSPICIOUS_MOVE = YES;
				CLANG_WARN_UNGUARDED_AVAILABILITY = YES_AGGRESSIVE;
				CLANG_WARN_UNREACHABLE_CODE = YES;
				CLANG_WARN__DUPLICATE_METHOD_MATCH = YES;
				COPY_PHASE_STRIP = NO;
				DEBUG_INFORMATION_FORMAT = dwarf;
				ENABLE_STRICT_OBJC_MSGSEND = YES;
				ENABLE_TESTABILITY = YES;
				GCC_C_LANGUAGE_STANDARD = gnu11;
				GCC_DYNAMIC_NO_PIC = NO;
				GCC_NO_COMMON_BLOCKS = YES;
				GCC_OPTIMIZATION_LEVEL = 0;
				GCC_PREPROCESSOR_DEFINITIONS = (
					"DEBUG=1",
					"$(inherited)",
				);
				GCC_WARN_64_TO_32_BIT_CONVERSION = YES;
				GCC_WARN_ABOUT_RETURN_TYPE = YES_ERROR;
				GCC_WARN_UNDECLARED_SELECTOR = YES;
				GCC_WARN_UNINITIALIZED_AUTOS = YES_AGGRESSIVE;
				GCC_WARN_UNUSED_FUNCTION = YES;
				GCC_WARN_UNUSED_VARIABLE = YES;
				IPHONEOS_DEPLOYMENT_TARGET = 15.4;
				MTL_ENABLE_DEBUG_INFO = INCLUDE_SOURCE;
				MTL_FAST_MATH = YES;
				ONLY_ACTIVE_ARCH = YES;
				SDKROOT = iphoneos;
				SWIFT_ACTIVE_COMPILATION_CONDITIONS = DEBUG;
				SWIFT_OPTIMIZATION_LEVEL = "-Onone";
			};
			name = Debug;
		};
		474DB3D327F1F7E700EF60C6 /* Release */ = {
			isa = XCBuildConfiguration;
			buildSettings = {
				ALWAYS_SEARCH_USER_PATHS = NO;
				CLANG_ANALYZER_NONNULL = YES;
				CLANG_ANALYZER_NUMBER_OBJECT_CONVERSION = YES_AGGRESSIVE;
				CLANG_CXX_LANGUAGE_STANDARD = "gnu++17";
				CLANG_ENABLE_MODULES = YES;
				CLANG_ENABLE_OBJC_ARC = YES;
				CLANG_ENABLE_OBJC_WEAK = YES;
				CLANG_WARN_BLOCK_CAPTURE_AUTORELEASING = YES;
				CLANG_WARN_BOOL_CONVERSION = YES;
				CLANG_WARN_COMMA = YES;
				CLANG_WARN_CONSTANT_CONVERSION = YES;
				CLANG_WARN_DEPRECATED_OBJC_IMPLEMENTATIONS = YES;
				CLANG_WARN_DIRECT_OBJC_ISA_USAGE = YES_ERROR;
				CLANG_WARN_DOCUMENTATION_COMMENTS = YES;
				CLANG_WARN_EMPTY_BODY = YES;
				CLANG_WARN_ENUM_CONVERSION = YES;
				CLANG_WARN_INFINITE_RECURSION = YES;
				CLANG_WARN_INT_CONVERSION = YES;
				CLANG_WARN_NON_LITERAL_NULL_CONVERSION = YES;
				CLANG_WARN_OBJC_IMPLICIT_RETAIN_SELF = YES;
				CLANG_WARN_OBJC_LITERAL_CONVERSION = YES;
				CLANG_WARN_OBJC_ROOT_CLASS = YES_ERROR;
				CLANG_WARN_QUOTED_INCLUDE_IN_FRAMEWORK_HEADER = YES;
				CLANG_WARN_RANGE_LOOP_ANALYSIS = YES;
				CLANG_WARN_STRICT_PROTOTYPES = YES;
				CLANG_WARN_SUSPICIOUS_MOVE = YES;
				CLANG_WARN_UNGUARDED_AVAILABILITY = YES_AGGRESSIVE;
				CLANG_WARN_UNREACHABLE_CODE = YES;
				CLANG_WARN__DUPLICATE_METHOD_MATCH = YES;
				COPY_PHASE_STRIP = NO;
				DEBUG_INFORMATION_FORMAT = "dwarf-with-dsym";
				ENABLE_NS_ASSERTIONS = NO;
				ENABLE_STRICT_OBJC_MSGSEND = YES;
				GCC_C_LANGUAGE_STANDARD = gnu11;
				GCC_NO_COMMON_BLOCKS = YES;
				GCC_WARN_64_TO_32_BIT_CONVERSION = YES;
				GCC_WARN_ABOUT_RETURN_TYPE = YES_ERROR;
				GCC_WARN_UNDECLARED_SELECTOR = YES;
				GCC_WARN_UNINITIALIZED_AUTOS = YES_AGGRESSIVE;
				GCC_WARN_UNUSED_FUNCTION = YES;
				GCC_WARN_UNUSED_VARIABLE = YES;
				IPHONEOS_DEPLOYMENT_TARGET = 15.4;
				MTL_ENABLE_DEBUG_INFO = NO;
				MTL_FAST_MATH = YES;
				SDKROOT = iphoneos;
				SWIFT_COMPILATION_MODE = wholemodule;
				SWIFT_OPTIMIZATION_LEVEL = "-O";
				VALIDATE_PRODUCT = YES;
			};
			name = Release;
		};
		474DB3D527F1F7E700EF60C6 /* Debug */ = {
			isa = XCBuildConfiguration;
			buildSettings = {
				ASSETCATALOG_COMPILER_APPICON_NAME = AppIcon;
				ASSETCATALOG_COMPILER_GLOBAL_ACCENT_COLOR_NAME = AccentColor;
				CODE_SIGN_STYLE = Automatic;
				CURRENT_PROJECT_VERSION = 1;
				DEVELOPMENT_ASSET_PATHS = "\"UI-522/Preview Content\"";
				DEVELOPMENT_TEAM = 8CL4U468K5;
				ENABLE_PREVIEWS = YES;
				GENERATE_INFOPLIST_FILE = YES;
				INFOPLIST_KEY_UIApplicationSceneManifest_Generation = YES;
				INFOPLIST_KEY_UIApplicationSupportsIndirectInputEvents = YES;
				INFOPLIST_KEY_UILaunchScreen_Generation = YES;
				INFOPLIST_KEY_UISupportedInterfaceOrientations_iPad = "UIInterfaceOrientationPortrait UIInterfaceOrientationPortraitUpsideDown UIInterfaceOrientationLandscapeLeft UIInterfaceOrientationLandscapeRight";
				INFOPLIST_KEY_UISupportedInterfaceOrientations_iPhone = "UIInterfaceOrientationPortrait UIInterfaceOrientationLandscapeLeft UIInterfaceOrientationLandscapeRight";
				LD_RUNPATH_SEARCH_PATHS = (
					"$(inherited)",
					"@executable_path/Frameworks",
				);
				MARKETING_VERSION = 1.0;
				PRODUCT_BUNDLE_IDENTIFIER = "com.585.UI-522";
				PRODUCT_NAME = "$(TARGET_NAME)";
				SWIFT_EMIT_LOC_STRINGS = YES;
				SWIFT_VERSION = 5.0;
				TARGETED_DEVICE_FAMILY = "1,2";
			};
			name = Debug;
		};
		474DB3D627F1F7E700EF60C6 /* Release */ = {
			isa = XCBuildConfiguration;
			buildSettings = {
				ASSETCATALOG_COMPILER_APPICON_NAME = AppIcon;
				ASSETCATALOG_COMPILER_GLOBAL_ACCENT_COLOR_NAME = AccentColor;
				CODE_SIGN_STYLE = Automatic;
				CURRENT_PROJECT_VERSION = 1;
				DEVELOPMENT_ASSET_PATHS = "\"UI-522/Preview Content\"";
				DEVELOPMENT_TEAM = 8CL4U468K5;
				ENABLE_PREVIEWS = YES;
				GENERATE_INFOPLIST_FILE = YES;
				INFOPLIST_KEY_UIApplicationSceneManifest_Generation = YES;
				INFOPLIST_KEY_UIApplicationSupportsIndirectInputEvents = YES;
				INFOPLIST_KEY_UILaunchScreen_Generation = YES;
				INFOPLIST_KEY_UISupportedInterfaceOrientations_iPad = "UIInterfaceOrientationPortrait UIInterfaceOrientationPortraitUpsideDown UIInterfaceOrientationLandscapeLeft UIInterfaceOrientationLandscapeRight";
				INFOPLIST_KEY_UISupportedInterfaceOrientations_iPhone = "UIInterfaceOrientationPortrait UIInterfaceOrientationLandscapeLeft UIInterfaceOrientationLandscapeRight";
				LD_RUNPATH_SEARCH_PATHS = (
					"$(inherited)",
					"@executable_path/Frameworks",
				);
				MARKETING_VERSION = 1.0;
				PRODUCT_BUNDLE_IDENTIFIER = "com.585.UI-522";
				PRODUCT_NAME = "$(TARGET_NAME)";
				SWIFT_EMIT_LOC_STRINGS = YES;
				SWIFT_VERSION = 5.0;
				TARGETED_DEVICE_FAMILY = "1,2";
			};
			name = Release;
		};
		474DB3D827F1F7E700EF60C6 /* Debug */ = {
			isa = XCBuildConfiguration;
			buildSettings = {
				ALWAYS_EMBED_SWIFT_STANDARD_LIBRARIES = YES;
				BUNDLE_LOADER = "$(TEST_HOST)";
				CODE_SIGN_STYLE = Automatic;
				CURRENT_PROJECT_VERSION = 1;
				DEVELOPMENT_TEAM = 8CL4U468K5;
				GENERATE_INFOPLIST_FILE = YES;
				IPHONEOS_DEPLOYMENT_TARGET = 15.4;
				MARKETING_VERSION = 1.0;
				PRODUCT_BUNDLE_IDENTIFIER = "com.585.UI-522Tests";
				PRODUCT_NAME = "$(TARGET_NAME)";
				SWIFT_EMIT_LOC_STRINGS = NO;
				SWIFT_VERSION = 5.0;
				TARGETED_DEVICE_FAMILY = "1,2";
				TEST_HOST = "$(BUILT_PRODUCTS_DIR)/UI-522.app/UI-522";
			};
			name = Debug;
		};
		474DB3D927F1F7E700EF60C6 /* Release */ = {
			isa = XCBuildConfiguration;
			buildSettings = {
				ALWAYS_EMBED_SWIFT_STANDARD_LIBRARIES = YES;
				BUNDLE_LOADER = "$(TEST_HOST)";
				CODE_SIGN_STYLE = Automatic;
				CURRENT_PROJECT_VERSION = 1;
				DEVELOPMENT_TEAM = 8CL4U468K5;
				GENERATE_INFOPLIST_FILE = YES;
				IPHONEOS_DEPLOYMENT_TARGET = 15.4;
				MARKETING_VERSION = 1.0;
				PRODUCT_BUNDLE_IDENTIFIER = "com.585.UI-522Tests";
				PRODUCT_NAME = "$(TARGET_NAME)";
				SWIFT_EMIT_LOC_STRINGS = NO;
				SWIFT_VERSION = 5.0;
				TARGETED_DEVICE_FAMILY = "1,2";
				TEST_HOST = "$(BUILT_PRODUCTS_DIR)/UI-522.app/UI-522";
			};
			name = Release;
		};
		474DB3DB27F1F7E700EF60C6 /* Debug */ = {
			isa = XCBuildConfiguration;
			buildSettings = {
				ALWAYS_EMBED_SWIFT_STANDARD_LIBRARIES = YES;
				CODE_SIGN_STYLE = Automatic;
				CURRENT_PROJECT_VERSION = 1;
				DEVELOPMENT_TEAM = 8CL4U468K5;
				GENERATE_INFOPLIST_FILE = YES;
				MARKETING_VERSION = 1.0;
				PRODUCT_BUNDLE_IDENTIFIER = "com.585.UI-522UITests";
				PRODUCT_NAME = "$(TARGET_NAME)";
				SWIFT_EMIT_LOC_STRINGS = NO;
				SWIFT_VERSION = 5.0;
				TARGETED_DEVICE_FAMILY = "1,2";
				TEST_TARGET_NAME = "UI-522";
			};
			name = Debug;
		};
		474DB3DC27F1F7E700EF60C6 /* Release */ = {
			isa = XCBuildConfiguration;
			buildSettings = {
				ALWAYS_EMBED_SWIFT_STANDARD_LIBRARIES = YES;
				CODE_SIGN_STYLE = Automatic;
				CURRENT_PROJECT_VERSION = 1;
				DEVELOPMENT_TEAM = 8CL4U468K5;
				GENERATE_INFOPLIST_FILE = YES;
				MARKETING_VERSION = 1.0;
				PRODUCT_BUNDLE_IDENTIFIER = "com.585.UI-522UITests";
				PRODUCT_NAME = "$(TARGET_NAME)";
				SWIFT_EMIT_LOC_STRINGS = NO;
				SWIFT_VERSION = 5.0;
				TARGETED_DEVICE_FAMILY = "1,2";
				TEST_TARGET_NAME = "UI-522";
			};
			name = Release;
		};
/* End XCBuildConfiguration section */

/* Begin XCConfigurationList section */
		474DB3AB27F1F7E500EF60C6 /* Build configuration list for PBXProject "UI-522" */ = {
			isa = XCConfigurationList;
			buildConfigurations = (
				474DB3D227F1F7E700EF60C6 /* Debug */,
				474DB3D327F1F7E700EF60C6 /* Release */,
			);
			defaultConfigurationIsVisible = 0;
			defaultConfigurationName = Release;
		};
		474DB3D427F1F7E700EF60C6 /* Build configuration list for PBXNativeTarget "UI-522" */ = {
			isa = XCConfigurationList;
			buildConfigurations = (
				474DB3D527F1F7E700EF60C6 /* Debug */,
				474DB3D627F1F7E700EF60C6 /* Release */,
			);
			defaultConfigurationIsVisible = 0;
			defaultConfigurationName = Release;
		};
		474DB3D727F1F7E700EF60C6 /* Build configuration list for PBXNativeTarget "UI-522Tests" */ = {
			isa = XCConfigurationList;
			buildConfigurations = (
				474DB3D827F1F7E700EF60C6 /* Debug */,
				474DB3D927F1F7E700EF60C6 /* Release */,
			);
			defaultConfigurationIsVisible = 0;
			defaultConfigurationName = Release;
		};
		474DB3DA27F1F7E700EF60C6 /* Build configuration list for PBXNativeTarget "UI-522UITests" */ = {
			isa = XCConfigurationList;
			buildConfigurations = (
				474DB3DB27F1F7E700EF60C6 /* Debug */,
				474DB3DC27F1F7E700EF60C6 /* Release */,
			);
			defaultConfigurationIsVisible = 0;
			defaultConfigurationName = Release;
		};
/* End XCConfigurationList section */
	};
	rootObject = 474DB3A827F1F7E500EF60C6 /* Project object */;
}
